PODS:
  - Alamofire (5.4.0)
  - AppAuth (1.4.0):
    - AppAuth/Core (= 1.4.0)
    - AppAuth/ExternalUserAgent (= 1.4.0)
  - AppAuth/Core (1.4.0)
  - AppAuth/ExternalUserAgent (1.4.0)
  - AppCenter/Core (3.3.4)
  - AppCenter/Distribute (3.3.4):
    - AppCenter/Core
  - Firebase/Analytics (6.34.0):
    - Firebase/Core
  - Firebase/Auth (6.34.0):
    - Firebase/CoreOnly
    - FirebaseAuth (~> 6.9.2)
  - Firebase/Core (6.34.0):
    - Firebase/CoreOnly
    - FirebaseAnalytics (= 6.9.0)
  - Firebase/CoreOnly (6.34.0):
    - FirebaseCore (= 6.10.4)
  - Firebase/Crashlytics (6.34.0):
    - Firebase/CoreOnly
    - FirebaseCrashlytics (~> 4.6.2)
  - FirebaseAnalytics (6.9.0):
    - FirebaseCore (~> 6.10)
    - FirebaseInstallations (~> 1.7)
    - GoogleAppMeasurement (= 6.9.0)
    - GoogleUtilities/AppDelegateSwizzler (~> 6.7)
    - GoogleUtilities/MethodSwizzler (~> 6.7)
    - GoogleUtilities/Network (~> 6.7)
    - "GoogleUtilities/NSData+zlib (~> 6.7)"
    - nanopb (~> 1.30906.0)
  - FirebaseAuth (6.9.2):
    - FirebaseCore (~> 6.10)
    - GoogleUtilities/AppDelegateSwizzler (~> 6.7)
    - GoogleUtilities/Environment (~> 6.7)
    - GTMSessionFetcher/Core (~> 1.1)
  - FirebaseCore (6.10.4):
    - FirebaseCoreDiagnostics (~> 1.6)
    - GoogleUtilities/Environment (~> 6.7)
    - GoogleUtilities/Logger (~> 6.7)
  - FirebaseCoreDiagnostics (1.7.0):
    - GoogleDataTransport (~> 7.4)
    - GoogleUtilities/Environment (~> 6.7)
    - GoogleUtilities/Logger (~> 6.7)
    - nanopb (~> 1.30906.0)
  - FirebaseCrashlytics (4.6.2):
    - FirebaseCore (~> 6.10)
    - FirebaseInstallations (~> 1.6)
    - GoogleDataTransport (~> 7.2)
    - nanopb (~> 1.30906.0)
    - PromisesObjC (~> 1.2)
  - FirebaseInstallations (1.7.0):
    - FirebaseCore (~> 6.10)
    - GoogleUtilities/Environment (~> 6.7)
    - GoogleUtilities/UserDefaults (~> 6.7)
    - PromisesObjC (~> 1.2)
  - FirebaseUI/Auth (9.0.0):
    - Firebase/Auth
    - GoogleUtilities/UserDefaults
  - FirebaseUI/Google (9.0.0):
    - FirebaseUI/Auth
    - GoogleSignIn (~> 5.0)
  - GoogleAppMeasurement (6.9.0):
    - GoogleUtilities/AppDelegateSwizzler (~> 6.7)
    - GoogleUtilities/MethodSwizzler (~> 6.7)
    - GoogleUtilities/Network (~> 6.7)
    - "GoogleUtilities/NSData+zlib (~> 6.7)"
    - nanopb (~> 1.30906.0)
  - GoogleDataTransport (7.5.1):
    - nanopb (~> 1.30906.0)
  - GoogleSignIn (5.0.2):
    - AppAuth (~> 1.2)
    - GTMAppAuth (~> 1.0)
    - GTMSessionFetcher/Core (~> 1.1)
  - GoogleUtilities/AppDelegateSwizzler (6.7.2):
    - GoogleUtilities/Environment
    - GoogleUtilities/Logger
    - GoogleUtilities/Network
  - GoogleUtilities/Environment (6.7.2):
    - PromisesObjC (~> 1.2)
  - GoogleUtilities/Logger (6.7.2):
    - GoogleUtilities/Environment
  - GoogleUtilities/MethodSwizzler (6.7.2):
    - GoogleUtilities/Logger
  - GoogleUtilities/Network (6.7.2):
    - GoogleUtilities/Logger
    - "GoogleUtilities/NSData+zlib"
    - GoogleUtilities/Reachability
  - "GoogleUtilities/NSData+zlib (6.7.2)"
  - GoogleUtilities/Reachability (6.7.2):
    - GoogleUtilities/Logger
  - GoogleUtilities/UserDefaults (6.7.2):
    - GoogleUtilities/Logger
  - GTMAppAuth (1.1.0):
    - AppAuth/Core (~> 1.4)
    - GTMSessionFetcher (~> 1.4)
  - GTMSessionFetcher (1.5.0):
    - GTMSessionFetcher/Full (= 1.5.0)
  - GTMSessionFetcher/Core (1.5.0)
  - GTMSessionFetcher/Full (1.5.0):
    - GTMSessionFetcher/Core (= 1.5.0)
  - IGListDiffKit (4.0.0)
  - KeychainAccess (4.2.1)
  - nanopb (1.30906.0):
    - nanopb/decode (= 1.30906.0)
    - nanopb/encode (= 1.30906.0)
  - nanopb/decode (1.30906.0)
  - nanopb/encode (1.30906.0)
  - Nimble (9.0.0)
  - PromisesObjC (1.2.11)
  - Quick (3.0.0)
  - TwilioVideo (4.0.0)

DEPENDENCIES:
  - Alamofire (~> 5)
  - AppCenter/Distribute (~> 3)
  - Firebase/Analytics (~> 6)
  - Firebase/Crashlytics (~> 6)
  - FirebaseUI/Auth (~> 9)
  - FirebaseUI/Google (~> 9)
  - IGListDiffKit (~> 4)
  - KeychainAccess (~> 4)
  - Nimble (~> 9)
  - Quick (~> 3)
  - TwilioVideo (~> 4)

SPEC REPOS:
  trunk:
    - Alamofire
    - AppAuth
    - AppCenter
    - Firebase
    - FirebaseAnalytics
    - FirebaseAuth
    - FirebaseCore
    - FirebaseCoreDiagnostics
    - FirebaseCrashlytics
    - FirebaseInstallations
    - FirebaseUI
    - GoogleAppMeasurement
    - GoogleDataTransport
    - GoogleSignIn
    - GoogleUtilities
    - GTMAppAuth
    - GTMSessionFetcher
    - IGListDiffKit
    - KeychainAccess
    - nanopb
    - Nimble
    - PromisesObjC
    - Quick
    - TwilioVideo

SPEC CHECKSUMS:
  Alamofire: 3b6a534a3df22db367e4dedeeca73d1ddfcf0e2f
  AppAuth: 31bcec809a638d7bd2f86ea8a52bd45f6e81e7c7
  AppCenter: 0487be185c038ed2ecc5ed38219af1dcd280af23
  Firebase: c23a36d9e4cdf7877dfcba8dd0c58add66358999
  FirebaseAnalytics: 3bb096873ee0d7fa4b6c70f5e9166b6da413cc7f
  FirebaseAuth: c92d49ada7948d1a23466e3db17bc4c2039dddc3
  FirebaseCore: d3a978a3cfa3240bf7e4ba7d137fdf5b22b628ec
  FirebaseCoreDiagnostics: 770ac5958e1372ce67959ae4b4f31d8e127c3ac1
  FirebaseCrashlytics: 1a747c9cc084a24dc6d9511c991db1cd078154eb
  FirebaseInstallations: 466c7b4d1f58fe16707693091da253726a731ed2
  FirebaseUI: f0677a1cc235f6da602cbd5c9b5fbbd24544a6b3
  GoogleAppMeasurement: a6a3a066369828db64eda428cb2856dc1cdc7c4e
  GoogleDataTransport: f56af7caa4ed338dc8e138a5d7c5973e66440833
  GoogleSignIn: 7137d297ddc022a7e0aa4619c86d72c909fa7213
  GoogleUtilities: 7f2f5a07f888cdb145101d6042bc4422f57e70b3
  GTMAppAuth: 197a8dabfea5d665224aa00d17f164fc2248dab9
  GTMSessionFetcher: b3503b20a988c4e20cc189aa798fd18220133f52
  IGListDiffKit: 665d6cf43ce726e676013db9c7d6c4294259b6b2
  KeychainAccess: 9b07f665298d13c3a85881bd3171f6f49b8151c1
  nanopb: 59317e09cf1f1a0af72f12af412d54edf52603fc
  Nimble: 3b4ec3fd40f1dc178058e0981107721c615643d8
  PromisesObjC: 8c196f5a328c2cba3e74624585467a557dcb482f
  Quick: 6d9559f40647bc4d510103842ef2fdd882d753e2
  TwilioVideo: 8c04f14202e4230fb71056c44e64af21cbcc3293

PODFILE CHECKSUM: f22db36db4545a131be7417d00df2ce176070bc3

COCOAPODS: 1.10.0
