<?xml version="1.0" encoding="UTF-8"?>
<Scheme
   LastUpgradeVersion = "1100"
   version = "1.7">
   <BuildAction
      parallelizeBuildables = "YES"
      buildImplicitDependencies = "YES">
      <BuildActionEntries>
         <BuildActionEntry
            buildForTesting = "YES"
            buildForRunning = "YES"
            buildForProfiling = "YES"
            buildForArchiving = "YES"
            buildForAnalyzing = "YES">
            <BuildableReference
               BuildableIdentifier = "primary"
               BlueprintIdentifier = "241282361E36A6AB002198BE"
               BuildableName = "Video-Twilio.app"
               BlueprintName = "Video-Twilio"
               ReferencedContainer = "container:VideoApp.xcodeproj">
            </BuildableReference>
         </BuildActionEntry>
      </BuildActionEntries>
   </BuildAction>
   <TestAction
      buildConfiguration = "Debug"
      selectedDebuggerIdentifier = "Xcode.DebuggerFoundation.Debugger.LLDB"
      selectedLauncherIdentifier = "Xcode.DebuggerFoundation.Launcher.LLDB"
      shouldUseLaunchSchemeArgsEnv = "YES"
      codeCoverageEnabled = "YES"
      onlyGenerateCoverageForSpecifiedTargets = "YES">
      <MacroExpansion>
         <BuildableReference
            BuildableIdentifier = "primary"
            BlueprintIdentifier = "241282361E36A6AB002198BE"
            BuildableName = "Video-Twilio.app"
            BlueprintName = "Video-Twilio"
            ReferencedContainer = "container:VideoApp.xcodeproj">
         </BuildableReference>
      </MacroExpansion>
      <CodeCoverageTargets>
         <BuildableReference
            BuildableIdentifier = "primary"
            BlueprintIdentifier = "241282361E36A6AB002198BE"
            BuildableName = "Video-Twilio.app"
            BlueprintName = "Video-Twilio"
            ReferencedContainer = "container:VideoApp.xcodeproj">
         </BuildableReference>
      </CodeCoverageTargets>
      <TestPlans>
         <TestPlanReference
            reference = "container:Video-TwilioTests/Plans/Unit.xctestplan"
            default = "YES">
         </TestPlanReference>
         <TestPlanReference
            reference = "container:Video-TwilioUITests/Plans/StatusCheck.xctestplan">
         </TestPlanReference>
         <TestPlanReference
            reference = "container:Video-TwilioUITests/Plans/UI.xctestplan">
         </TestPlanReference>
      </TestPlans>
      <Testables>
         <TestableReference
            skipped = "NO">
            <BuildableReference
               BuildableIdentifier = "primary"
               BlueprintIdentifier = "DC4E4E2B2357A73900C5D313"
               BuildableName = "Video-TwilioTests.xctest"
               BlueprintName = "Video-TwilioTests"
               ReferencedContainer = "container:VideoApp.xcodeproj">
            </BuildableReference>
         </TestableReference>
      </Testables>
   </TestAction>
   <LaunchAction
      buildConfiguration = "Debug"
      selectedDebuggerIdentifier = "Xcode.DebuggerFoundation.Debugger.LLDB"
      selectedLauncherIdentifier = "Xcode.DebuggerFoundation.Launcher.LLDB"
      launchStyle = "0"
      useCustomWorkingDirectory = "NO"
      ignoresPersistentStateOnLaunch = "NO"
      debugDocumentVersioning = "YES"
      debugServiceExtension = "internal"
      allowLocationSimulation = "YES">
      <BuildableProductRunnable
         runnableDebuggingMode = "0">
         <BuildableReference
            BuildableIdentifier = "primary"
            BlueprintIdentifier = "241282361E36A6AB002198BE"
            BuildableName = "Video-Twilio.app"
            BlueprintName = "Video-Twilio"
            ReferencedContainer = "container:VideoApp.xcodeproj">
         </BuildableReference>
      </BuildableProductRunnable>
   </LaunchAction>
   <ProfileAction
      buildConfiguration = "Release"
      shouldUseLaunchSchemeArgsEnv = "YES"
      savedToolIdentifier = ""
      useCustomWorkingDirectory = "NO"
      debugDocumentVersioning = "YES">
      <BuildableProductRunnable
         runnableDebuggingMode = "0">
         <BuildableReference
            BuildableIdentifier = "primary"
            BlueprintIdentifier = "241282361E36A6AB002198BE"
            BuildableName = "Video-Twilio.app"
            BlueprintName = "Video-Twilio"
            ReferencedContainer = "container:VideoApp.xcodeproj">
         </BuildableReference>
      </BuildableProductRunnable>
   </ProfileAction>
   <AnalyzeAction
      buildConfiguration = "Debug">
   </AnalyzeAction>
   <ArchiveAction
      buildConfiguration = "Release"
      revealArchiveInOrganizer = "YES">
   </ArchiveAction>
</Scheme>
